// !$*UTF8*$!
{
	archiveVersion = 1;
	classes = {
	};
	objectVersion = 77;
	objects = {

/* Begin PBXBuildFile section */
		472D9AF32CEBA00E00956063 /* FirebaseAuth in Frameworks */ = {isa = PBXBuildFile; productRef = 472D9AF22CEBA00E00956063 /* FirebaseAuth */; };
		472D9AF52CEBA00E00956063 /* FirebaseCore in Frameworks */ = {isa = PBXBuildFile; productRef = 472D9AF42CEBA00E00956063 /* FirebaseCore */; };
		472D9AF72CEBA00E00956063 /* FirebaseFirestore in Frameworks */ = {isa = PBXBuildFile; productRef = 472D9AF62CEBA00E00956063 /* FirebaseFirestore */; };
		47BBDC6A2CC5515100F3A555 /* Data in Frameworks */ = {isa = PBXBuildFile; productRef = 47BBDC692CC5515100F3A555 /* Data */; };
		47BBDC6C2CC5515100F3A555 /* Domain in Frameworks */ = {isa = PBXBuildFile; productRef = 47BBDC6B2CC5515100F3A555 /* Domain */; };
		47BBDC6E2CC5515100F3A555 /* Presentation in Frameworks */ = {isa = PBXBuildFile; productRef = 47BBDC6D2CC5515100F3A555 /* Presentation */; };
/* End PBXBuildFile section */

/* Begin PBXContainerItemProxy section */
		475497922CAE98DB00705D1A /* PBXContainerItemProxy */ = {
			isa = PBXContainerItemProxy;
			containerPortal = 475497732CAE98D900705D1A /* Project object */;
			proxyType = 1;
			remoteGlobalIDString = 4754977A2CAE98D900705D1A;
			remoteInfo = MyLuxury;
		};
		4754979C2CAE98DB00705D1A /* PBXContainerItemProxy */ = {
			isa = PBXContainerItemProxy;
			containerPortal = 475497732CAE98D900705D1A /* Project object */;
			proxyType = 1;
			remoteGlobalIDString = 4754977A2CAE98D900705D1A;
			remoteInfo = MyLuxury;
		};
/* End PBXContainerItemProxy section */

/* Begin PBXFileReference section */
		4754977B2CAE98D900705D1A /* MyLuxury.app */ = {isa = PBXFileReference; explicitFileType = wrapper.application; includeInIndex = 0; path = MyLuxury.app; sourceTree = BUILT_PRODUCTS_DIR; };
		475497912CAE98DB00705D1A /* MyLuxuryTests.xctest */ = {isa = PBXFileReference; explicitFileType = wrapper.cfbundle; includeInIndex = 0; path = MyLuxuryTests.xctest; sourceTree = BUILT_PRODUCTS_DIR; };
		4754979B2CAE98DB00705D1A /* MyLuxuryUITests.xctest */ = {isa = PBXFileReference; explicitFileType = wrapper.cfbundle; includeInIndex = 0; path = MyLuxuryUITests.xctest; sourceTree = BUILT_PRODUCTS_DIR; };
		4773C5262CC54B9500A38FF5 /* Data */ = {isa = PBXFileReference; lastKnownFileType = wrapper; path = Data; sourceTree = "<group>"; };
		4773C5272CC54C6D00A38FF5 /* Domain */ = {isa = PBXFileReference; lastKnownFileType = wrapper; path = Domain; sourceTree = "<group>"; };
		4773C5282CC54C8300A38FF5 /* Presentation */ = {isa = PBXFileReference; lastKnownFileType = wrapper; path = Presentation; sourceTree = "<group>"; };
/* End PBXFileReference section */

/* Begin PBXFileSystemSynchronizedBuildFileExceptionSet section */
		475497A32CAE98DB00705D1A /* Exceptions for "MyLuxury" folder in "MyLuxury" target */ = {
			isa = PBXFileSystemSynchronizedBuildFileExceptionSet;
			membershipExceptions = (
				Info.plist,
			);
			target = 4754977A2CAE98D900705D1A /* MyLuxury */;
		};
/* End PBXFileSystemSynchronizedBuildFileExceptionSet section */

/* Begin PBXFileSystemSynchronizedRootGroup section */
		4754977D2CAE98D900705D1A /* MyLuxury */ = {
			isa = PBXFileSystemSynchronizedRootGroup;
			exceptions = (
				475497A32CAE98DB00705D1A /* Exceptions for "MyLuxury" folder in "MyLuxury" target */,
			);
			path = MyLuxury;
			sourceTree = "<group>";
		};
		475497942CAE98DB00705D1A /* MyLuxuryTests */ = {
			isa = PBXFileSystemSynchronizedRootGroup;
			path = MyLuxuryTests;
			sourceTree = "<group>";
		};
		4754979E2CAE98DB00705D1A /* MyLuxuryUITests */ = {
			isa = PBXFileSystemSynchronizedRootGroup;
			path = MyLuxuryUITests;
			sourceTree = "<group>";
		};
/* End PBXFileSystemSynchronizedRootGroup section */

/* Begin PBXFrameworksBuildPhase section */
		475497782CAE98D900705D1A /* Frameworks */ = {
			isa = PBXFrameworksBuildPhase;
			buildActionMask = 2147483647;
			files = (
				47BBDC6C2CC5515100F3A555 /* Domain in Frameworks */,
				472D9AF52CEBA00E00956063 /* FirebaseCore in Frameworks */,
				47BBDC6E2CC5515100F3A555 /* Presentation in Frameworks */,
				47BBDC6A2CC5515100F3A555 /* Data in Frameworks */,
				472D9AF32CEBA00E00956063 /* FirebaseAuth in Frameworks */,
				472D9AF72CEBA00E00956063 /* FirebaseFirestore in Frameworks */,
			);
			runOnlyForDeploymentPostprocessing = 0;
		};
		4754978E2CAE98DB00705D1A /* Frameworks */ = {
			isa = PBXFrameworksBuildPhase;
			buildActionMask = 2147483647;
			files = (
			);
			runOnlyForDeploymentPostprocessing = 0;
		};
		475497982CAE98DB00705D1A /* Frameworks */ = {
			isa = PBXFrameworksBuildPhase;
			buildActionMask = 2147483647;
			files = (
			);
			runOnlyForDeploymentPostprocessing = 0;
		};
/* End PBXFrameworksBuildPhase section */

/* Begin PBXGroup section */
		475497722CAE98D900705D1A = {
			isa = PBXGroup;
			children = (
				4773C5262CC54B9500A38FF5 /* Data */,
				4773C5272CC54C6D00A38FF5 /* Domain */,
				4773C5282CC54C8300A38FF5 /* Presentation */,
				4754977D2CAE98D900705D1A /* MyLuxury */,
				475497942CAE98DB00705D1A /* MyLuxuryTests */,
				4754979E2CAE98DB00705D1A /* MyLuxuryUITests */,
				47BBDC682CC5515100F3A555 /* Frameworks */,
				4754977C2CAE98D900705D1A /* Products */,
			);
			sourceTree = "<group>";
		};
		4754977C2CAE98D900705D1A /* Products */ = {
			isa = PBXGroup;
			children = (
				4754977B2CAE98D900705D1A /* MyLuxury.app */,
				475497912CAE98DB00705D1A /* MyLuxuryTests.xctest */,
				4754979B2CAE98DB00705D1A /* MyLuxuryUITests.xctest */,
			);
			name = Products;
			sourceTree = "<group>";
		};
		47BBDC682CC5515100F3A555 /* Frameworks */ = {
			isa = PBXGroup;
			children = (
			);
			name = Frameworks;
			sourceTree = "<group>";
		};
/* End PBXGroup section */

/* Begin PBXNativeTarget section */
		4754977A2CAE98D900705D1A /* MyLuxury */ = {
			isa = PBXNativeTarget;
			buildConfigurationList = 475497A42CAE98DB00705D1A /* Build configuration list for PBXNativeTarget "MyLuxury" */;
			buildPhases = (
				475497772CAE98D900705D1A /* Sources */,
				475497782CAE98D900705D1A /* Frameworks */,
				475497792CAE98D900705D1A /* Resources */,
			);
			buildRules = (
			);
			dependencies = (
			);
			fileSystemSynchronizedGroups = (
				4754977D2CAE98D900705D1A /* MyLuxury */,
			);
			name = MyLuxury;
			packageProductDependencies = (
				47BBDC692CC5515100F3A555 /* Data */,
				47BBDC6B2CC5515100F3A555 /* Domain */,
				47BBDC6D2CC5515100F3A555 /* Presentation */,
				472D9AF22CEBA00E00956063 /* FirebaseAuth */,
				472D9AF42CEBA00E00956063 /* FirebaseCore */,
				472D9AF62CEBA00E00956063 /* FirebaseFirestore */,
			);
			productName = MyLuxury;
			productReference = 4754977B2CAE98D900705D1A /* MyLuxury.app */;
			productType = "com.apple.product-type.application";
		};
		475497902CAE98DB00705D1A /* MyLuxuryTests */ = {
			isa = PBXNativeTarget;
			buildConfigurationList = 475497A92CAE98DB00705D1A /* Build configuration list for PBXNativeTarget "MyLuxuryTests" */;
			buildPhases = (
				4754978D2CAE98DB00705D1A /* Sources */,
				4754978E2CAE98DB00705D1A /* Frameworks */,
				4754978F2CAE98DB00705D1A /* Resources */,
			);
			buildRules = (
			);
			dependencies = (
				475497932CAE98DB00705D1A /* PBXTargetDependency */,
			);
			fileSystemSynchronizedGroups = (
				475497942CAE98DB00705D1A /* MyLuxuryTests */,
			);
			name = MyLuxuryTests;
			packageProductDependencies = (
			);
			productName = MyLuxuryTests;
			productReference = 475497912CAE98DB00705D1A /* MyLuxuryTests.xctest */;
			productType = "com.apple.product-type.bundle.unit-test";
		};
		4754979A2CAE98DB00705D1A /* MyLuxuryUITests */ = {
			isa = PBXNativeTarget;
			buildConfigurationList = 475497AC2CAE98DB00705D1A /* Build configuration list for PBXNativeTarget "MyLuxuryUITests" */;
			buildPhases = (
				475497972CAE98DB00705D1A /* Sources */,
				475497982CAE98DB00705D1A /* Frameworks */,
				475497992CAE98DB00705D1A /* Resources */,
			);
			buildRules = (
			);
			dependencies = (
				4754979D2CAE98DB00705D1A /* PBXTargetDependency */,
			);
			fileSystemSynchronizedGroups = (
				4754979E2CAE98DB00705D1A /* MyLuxuryUITests */,
			);
			name = MyLuxuryUITests;
			packageProductDependencies = (
			);
			productName = MyLuxuryUITests;
			productReference = 4754979B2CAE98DB00705D1A /* MyLuxuryUITests.xctest */;
			productType = "com.apple.product-type.bundle.ui-testing";
		};
/* End PBXNativeTarget section */

/* Begin PBXProject section */
		475497732CAE98D900705D1A /* Project object */ = {
			isa = PBXProject;
			attributes = {
				BuildIndependentTargetsInParallel = 1;
				LastSwiftUpdateCheck = 1600;
				LastUpgradeCheck = 1600;
				TargetAttributes = {
					4754977A2CAE98D900705D1A = {
						CreatedOnToolsVersion = 16.0;
					};
					475497902CAE98DB00705D1A = {
						CreatedOnToolsVersion = 16.0;
						TestTargetID = 4754977A2CAE98D900705D1A;
					};
					4754979A2CAE98DB00705D1A = {
						CreatedOnToolsVersion = 16.0;
						TestTargetID = 4754977A2CAE98D900705D1A;
					};
				};
			};
			buildConfigurationList = 475497762CAE98D900705D1A /* Build configuration list for PBXProject "MyLuxury" */;
			developmentRegion = en;
			hasScannedForEncodings = 0;
			knownRegions = (
				en,
				Base,
			);
			mainGroup = 475497722CAE98D900705D1A;
			minimizedProjectReferenceProxies = 1;
			packageReferences = (
				472D9AF12CEBA00E00956063 /* XCRemoteSwiftPackageReference "firebase-ios-sdk" */,
			);
			preferredProjectObjectVersion = 77;
			productRefGroup = 4754977C2CAE98D900705D1A /* Products */;
			projectDirPath = "";
			projectRoot = "";
			targets = (
				4754977A2CAE98D900705D1A /* MyLuxury */,
				475497902CAE98DB00705D1A /* MyLuxuryTests */,
				4754979A2CAE98DB00705D1A /* MyLuxuryUITests */,
			);
		};
/* End PBXProject section */

/* Begin PBXResourcesBuildPhase section */
		475497792CAE98D900705D1A /* Resources */ = {
			isa = PBXResourcesBuildPhase;
			buildActionMask = 2147483647;
			files = (
			);
			runOnlyForDeploymentPostprocessing = 0;
		};
		4754978F2CAE98DB00705D1A /* Resources */ = {
			isa = PBXResourcesBuildPhase;
			buildActionMask = 2147483647;
			files = (
			);
			runOnlyForDeploymentPostprocessing = 0;
		};
		475497992CAE98DB00705D1A /* Resources */ = {
			isa = PBXResourcesBuildPhase;
			buildActionMask = 2147483647;
			files = (
			);
			runOnlyForDeploymentPostprocessing = 0;
		};
/* End PBXResourcesBuildPhase section */

/* Begin PBXSourcesBuildPhase section */
		475497772CAE98D900705D1A /* Sources */ = {
			isa = PBXSourcesBuildPhase;
			buildActionMask = 2147483647;
			files = (
			);
			runOnlyForDeploymentPostprocessing = 0;
		};
		4754978D2CAE98DB00705D1A /* Sources */ = {
			isa = PBXSourcesBuildPhase;
			buildActionMask = 2147483647;
			files = (
			);
			runOnlyForDeploymentPostprocessing = 0;
		};
		475497972CAE98DB00705D1A /* Sources */ = {
			isa = PBXSourcesBuildPhase;
			buildActionMask = 2147483647;
			files = (
			);
			runOnlyForDeploymentPostprocessing = 0;
		};
/* End PBXSourcesBuildPhase section */

/* Begin PBXTargetDependency section */
		475497932CAE98DB00705D1A /* PBXTargetDependency */ = {
			isa = PBXTargetDependency;
			target = 4754977A2CAE98D900705D1A /* MyLuxury */;
			targetProxy = 475497922CAE98DB00705D1A /* PBXContainerItemProxy */;
		};
		4754979D2CAE98DB00705D1A /* PBXTargetDependency */ = {
			isa = PBXTargetDependency;
			target = 4754977A2CAE98D900705D1A /* MyLuxury */;
			targetProxy = 4754979C2CAE98DB00705D1A /* PBXContainerItemProxy */;
		};
/* End PBXTargetDependency section */

/* Begin XCBuildConfiguration section */
		475497A52CAE98DB00705D1A /* Debug */ = {
			isa = XCBuildConfiguration;
			buildSettings = {
				ASSETCATALOG_COMPILER_APPICON_NAME = AppIcon;
				ASSETCATALOG_COMPILER_GLOBAL_ACCENT_COLOR_NAME = AccentColor;
				CODE_SIGN_ENTITLEMENTS = MyLuxury/MyLuxury.entitlements;
				CODE_SIGN_STYLE = Automatic;
				CURRENT_PROJECT_VERSION = 1;
				DEVELOPMENT_TEAM = FK7SZJ4GF2;
				GENERATE_INFOPLIST_FILE = YES;
				INFOPLIST_FILE = MyLuxury/Info.plist;
				INFOPLIST_KEY_CFBundleDisplayName = MyLuxury;
				INFOPLIST_KEY_UIApplicationSupportsIndirectInputEvents = YES;
				INFOPLIST_KEY_UILaunchStoryboardName = LaunchScreen;
				INFOPLIST_KEY_UIMainStoryboardFile = "";
				INFOPLIST_KEY_UISupportedInterfaceOrientations = UIInterfaceOrientationPortrait;
				INFOPLIST_KEY_UISupportedInterfaceOrientations_iPad = "UIInterfaceOrientationLandscapeLeft UIInterfaceOrientationLandscapeRight UIInterfaceOrientationPortrait UIInterfaceOrientationPortraitUpsideDown";
				IPHONEOS_DEPLOYMENT_TARGET = 15.0;
				LD_RUNPATH_SEARCH_PATHS = (
					"$(inherited)",
					"@executable_path/Frameworks",
				);
				MARKETING_VERSION = 1.0;
				PRODUCT_BUNDLE_IDENTIFIER = com.letskooo.Input1234;
				PRODUCT_NAME = "$(TARGET_NAME)";
				SWIFT_EMIT_LOC_STRINGS = YES;
				SWIFT_VERSION = 5.0;
				TARGETED_DEVICE_FAMILY = "1,2";
			};
			name = Debug;
		};
		475497A62CAE98DB00705D1A /* Release */ = {
			isa = XCBuildConfiguration;
			buildSettings = {
				ASSETCATALOG_COMPILER_APPICON_NAME = AppIcon;
				ASSETCATALOG_COMPILER_GLOBAL_ACCENT_COLOR_NAME = AccentColor;
				CODE_SIGN_ENTITLEMENTS = MyLuxury/MyLuxury.entitlements;
				CODE_SIGN_STYLE = Automatic;
				CURRENT_PROJECT_VERSION = 1;
				DEVELOPMENT_TEAM = FK7SZJ4GF2;
				GENERATE_INFOPLIST_FILE = YES;
				INFOPLIST_FILE = MyLuxury/Info.plist;
				INFOPLIST_KEY_CFBundleDisplayName = MyLuxury;
				INFOPLIST_KEY_UIApplicationSupportsIndirectInputEvents = YES;
				INFOPLIST_KEY_UILaunchStoryboardName = LaunchScreen;
				INFOPLIST_KEY_UIMainStoryboardFile = "";
				INFOPLIST_KEY_UISupportedInterfaceOrientations = UIInterfaceOrientationPortrait;
				INFOPLIST_KEY_UISupportedInterfaceOrientations_iPad = "UIInterfaceOrientationLandscapeLeft UIInterfaceOrientationLandscapeRight UIInterfaceOrientationPortrait UIInterfaceOrientationPortraitUpsideDown";
				IPHONEOS_DEPLOYMENT_TARGET = 15.0;
				LD_RUNPATH_SEARCH_PATHS = (
					"$(inherited)",
					"@executable_path/Frameworks",
				);
				MARKETING_VERSION = 1.0;
				PRODUCT_BUNDLE_IDENTIFIER = com.letskooo.Input1234;
				PRODUCT_NAME = "$(TARGET_NAME)";
				SWIFT_EMIT_LOC_STRINGS = YES;
				SWIFT_VERSION = 5.0;
				TARGETED_DEVICE_FAMILY = "1,2";
			};
			name = Release;
		};
		475497A72CAE98DB00705D1A /* Debug */ = {
			isa = XCBuildConfiguration;
			buildSettings = {
				ALWAYS_SEARCH_USER_PATHS = NO;
				ASSETCATALOG_COMPILER_GENERATE_SWIFT_ASSET_SYMBOL_EXTENSIONS = YES;
				CLANG_ANALYZER_NONNULL = YES;
				CLANG_ANALYZER_NUMBER_OBJECT_CONVERSION = YES_AGGRESSIVE;
				CLANG_CXX_LANGUAGE_STANDARD = "gnu++20";
				CLANG_ENABLE_MODULES = YES;
				CLANG_ENABLE_OBJC_ARC = YES;
				CLANG_ENABLE_OBJC_WEAK = YES;
				CLANG_WARN_BLOCK_CAPTURE_AUTORELEASING = YES;
				CLANG_WARN_BOOL_CONVERSION = YES;
				CLANG_WARN_COMMA = YES;
				CLANG_WARN_CONSTANT_CONVERSION = YES;
				CLANG_WARN_DEPRECATED_OBJC_IMPLEMENTATIONS = YES;
				CLANG_WARN_DIRECT_OBJC_ISA_USAGE = YES_ERROR;
				CLANG_WARN_DOCUMENTATION_COMMENTS = YES;
				CLANG_WARN_EMPTY_BODY = YES;
				CLANG_WARN_ENUM_CONVERSION = YES;
				CLANG_WARN_INFINITE_RECURSION = YES;
				CLANG_WARN_INT_CONVERSION = YES;
				CLANG_WARN_NON_LITERAL_NULL_CONVERSION = YES;
				CLANG_WARN_OBJC_IMPLICIT_RETAIN_SELF = YES;
				CLANG_WARN_OBJC_LITERAL_CONVERSION = YES;
				CLANG_WARN_OBJC_ROOT_CLASS = YES_ERROR;
				CLANG_WARN_QUOTED_INCLUDE_IN_FRAMEWORK_HEADER = YES;
				CLANG_WARN_RANGE_LOOP_ANALYSIS = YES;
				CLANG_WARN_STRICT_PROTOTYPES = YES;
				CLANG_WARN_SUSPICIOUS_MOVE = YES;
				CLANG_WARN_UNGUARDED_AVAILABILITY = YES_AGGRESSIVE;
				CLANG_WARN_UNREACHABLE_CODE = YES;
				CLANG_WARN__DUPLICATE_METHOD_MATCH = YES;
				COPY_PHASE_STRIP = NO;
				DEBUG_INFORMATION_FORMAT = dwarf;
				ENABLE_STRICT_OBJC_MSGSEND = YES;
				ENABLE_TESTABILITY = YES;
				ENABLE_USER_SCRIPT_SANDBOXING = YES;
				GCC_C_LANGUAGE_STANDARD = gnu17;
				GCC_DYNAMIC_NO_PIC = NO;
				GCC_NO_COMMON_BLOCKS = YES;
				GCC_OPTIMIZATION_LEVEL = 0;
				GCC_PREPROCESSOR_DEFINITIONS = (
					"DEBUG=1",
					"$(inherited)",
				);
				GCC_WARN_64_TO_32_BIT_CONVERSION = YES;
				GCC_WARN_ABOUT_RETURN_TYPE = YES_ERROR;
				GCC_WARN_UNDECLARED_SELECTOR = YES;
				GCC_WARN_UNINITIALIZED_AUTOS = YES_AGGRESSIVE;
				GCC_WARN_UNUSED_FUNCTION = YES;
				GCC_WARN_UNUSED_VARIABLE = YES;
				IPHONEOS_DEPLOYMENT_TARGET = 15.6;
				LOCALIZATION_PREFERS_STRING_CATALOGS = YES;
				MTL_ENABLE_DEBUG_INFO = INCLUDE_SOURCE;
				MTL_FAST_MATH = YES;
				ONLY_ACTIVE_ARCH = YES;
				SDKROOT = iphoneos;
				SWIFT_ACTIVE_COMPILATION_CONDITIONS = "DEBUG $(inherited)";
				SWIFT_OPTIMIZATION_LEVEL = "-Onone";
			};
			name = Debug;
		};
		475497A82CAE98DB00705D1A /* Release */ = {
			isa = XCBuildConfiguration;
			buildSettings = {
				ALWAYS_SEARCH_USER_PATHS = NO;
				ASSETCATALOG_COMPILER_GENERATE_SWIFT_ASSET_SYMBOL_EXTENSIONS = YES;
				CLANG_ANALYZER_NONNULL = YES;
				CLANG_ANALYZER_NUMBER_OBJECT_CONVERSION = YES_AGGRESSIVE;
				CLANG_CXX_LANGUAGE_STANDARD = "gnu++20";
				CLANG_ENABLE_MODULES = YES;
				CLANG_ENABLE_OBJC_ARC = YES;
				CLANG_ENABLE_OBJC_WEAK = YES;
				CLANG_WARN_BLOCK_CAPTURE_AUTORELEASING = YES;
				CLANG_WARN_BOOL_CONVERSION = YES;
				CLANG_WARN_COMMA = YES;
				CLANG_WARN_CONSTANT_CONVERSION = YES;
				CLANG_WARN_DEPRECATED_OBJC_IMPLEMENTATIONS = YES;
				CLANG_WARN_DIRECT_OBJC_ISA_USAGE = YES_ERROR;
				CLANG_WARN_DOCUMENTATION_COMMENTS = YES;
				CLANG_WARN_EMPTY_BODY = YES;
				CLANG_WARN_ENUM_CONVERSION = YES;
				CLANG_WARN_INFINITE_RECURSION = YES;
				CLANG_WARN_INT_CONVERSION = YES;
				CLANG_WARN_NON_LITERAL_NULL_CONVERSION = YES;
				CLANG_WARN_OBJC_IMPLICIT_RETAIN_SELF = YES;
				CLANG_WARN_OBJC_LITERAL_CONVERSION = YES;
				CLANG_WARN_OBJC_ROOT_CLASS = YES_ERROR;
				CLANG_WARN_QUOTED_INCLUDE_IN_FRAMEWORK_HEADER = YES;
				CLANG_WARN_RANGE_LOOP_ANALYSIS = YES;
				CLANG_WARN_STRICT_PROTOTYPES = YES;
				CLANG_WARN_SUSPICIOUS_MOVE = YES;
				CLANG_WARN_UNGUARDED_AVAILABILITY = YES_AGGRESSIVE;
				CLANG_WARN_UNREACHABLE_CODE = YES;
				CLANG_WARN__DUPLICATE_METHOD_MATCH = YES;
				COPY_PHASE_STRIP = NO;
				DEBUG_INFORMATION_FORMAT = "dwarf-with-dsym";
				ENABLE_NS_ASSERTIONS = NO;
				ENABLE_STRICT_OBJC_MSGSEND = YES;
				ENABLE_USER_SCRIPT_SANDBOXING = YES;
				GCC_C_LANGUAGE_STANDARD = gnu17;
				GCC_NO_COMMON_BLOCKS = YES;
				GCC_WARN_64_TO_32_BIT_CONVERSION = YES;
				GCC_WARN_ABOUT_RETURN_TYPE = YES_ERROR;
				GCC_WARN_UNDECLARED_SELECTOR = YES;
				GCC_WARN_UNINITIALIZED_AUTOS = YES_AGGRESSIVE;
				GCC_WARN_UNUSED_FUNCTION = YES;
				GCC_WARN_UNUSED_VARIABLE = YES;
				IPHONEOS_DEPLOYMENT_TARGET = 15.6;
				LOCALIZATION_PREFERS_STRING_CATALOGS = YES;
				MTL_ENABLE_DEBUG_INFO = NO;
				MTL_FAST_MATH = YES;
				SDKROOT = iphoneos;
				SWIFT_COMPILATION_MODE = wholemodule;
				VALIDATE_PRODUCT = YES;
			};
			name = Release;
		};
		475497AA2CAE98DB00705D1A /* Debug */ = {
			isa = XCBuildConfiguration;
			buildSettings = {
				BUNDLE_LOADER = "$(TEST_HOST)";
				CODE_SIGN_STYLE = Automatic;
				CURRENT_PROJECT_VERSION = 1;
				DEVELOPMENT_TEAM = Q36FPN948C;
				GENERATE_INFOPLIST_FILE = YES;
				IPHONEOS_DEPLOYMENT_TARGET = 18.0;
				MARKETING_VERSION = 1.0;
				PRODUCT_BUNDLE_IDENTIFIER = com.letskooo.MyLuxuryTests;
				PRODUCT_NAME = "$(TARGET_NAME)";
				SWIFT_EMIT_LOC_STRINGS = NO;
				SWIFT_VERSION = 5.0;
				TARGETED_DEVICE_FAMILY = "1,2";
				TEST_HOST = "$(BUILT_PRODUCTS_DIR)/MyLuxury.app/$(BUNDLE_EXECUTABLE_FOLDER_PATH)/MyLuxury";
			};
			name = Debug;
		};
		475497AB2CAE98DB00705D1A /* Release */ = {
			isa = XCBuildConfiguration;
			buildSettings = {
				BUNDLE_LOADER = "$(TEST_HOST)";
				CODE_SIGN_STYLE = Automatic;
				CURRENT_PROJECT_VERSION = 1;
				DEVELOPMENT_TEAM = Q36FPN948C;
				GENERATE_INFOPLIST_FILE = YES;
				IPHONEOS_DEPLOYMENT_TARGET = 18.0;
				MARKETING_VERSION = 1.0;
				PRODUCT_BUNDLE_IDENTIFIER = com.letskooo.MyLuxuryTests;
				PRODUCT_NAME = "$(TARGET_NAME)";
				SWIFT_EMIT_LOC_STRINGS = NO;
				SWIFT_VERSION = 5.0;
				TARGETED_DEVICE_FAMILY = "1,2";
				TEST_HOST = "$(BUILT_PRODUCTS_DIR)/MyLuxury.app/$(BUNDLE_EXECUTABLE_FOLDER_PATH)/MyLuxury";
			};
			name = Release;
		};
		475497AD2CAE98DB00705D1A /* Debug */ = {
			isa = XCBuildConfiguration;
			buildSettings = {
				CODE_SIGN_STYLE = Automatic;
				CURRENT_PROJECT_VERSION = 1;
				DEVELOPMENT_TEAM = Q36FPN948C;
				GENERATE_INFOPLIST_FILE = YES;
				MARKETING_VERSION = 1.0;
				PRODUCT_BUNDLE_IDENTIFIER = com.letskooo.MyLuxuryUITests;
				PRODUCT_NAME = "$(TARGET_NAME)";
				SWIFT_EMIT_LOC_STRINGS = NO;
				SWIFT_VERSION = 5.0;
				TARGETED_DEVICE_FAMILY = "1,2";
				TEST_TARGET_NAME = MyLuxury;
			};
			name = Debug;
		};
		475497AE2CAE98DB00705D1A /* Release */ = {
			isa = XCBuildConfiguration;
			buildSettings = {
				CODE_SIGN_STYLE = Automatic;
				CURRENT_PROJECT_VERSION = 1;
				DEVELOPMENT_TEAM = Q36FPN948C;
				GENERATE_INFOPLIST_FILE = YES;
				MARKETING_VERSION = 1.0;
				PRODUCT_BUNDLE_IDENTIFIER = com.letskooo.MyLuxuryUITests;
				PRODUCT_NAME = "$(TARGET_NAME)";
				SWIFT_EMIT_LOC_STRINGS = NO;
				SWIFT_VERSION = 5.0;
				TARGETED_DEVICE_FAMILY = "1,2";
				TEST_TARGET_NAME = MyLuxury;
			};
			name = Release;
		};
/* End XCBuildConfiguration section */

/* Begin XCConfigurationList section */
		475497762CAE98D900705D1A /* Build configuration list for PBXProject "MyLuxury" */ = {
			isa = XCConfigurationList;
			buildConfigurations = (
				475497A72CAE98DB00705D1A /* Debug */,
				475497A82CAE98DB00705D1A /* Release */,
			);
			defaultConfigurationIsVisible = 0;
			defaultConfigurationName = Release;
		};
		475497A42CAE98DB00705D1A /* Build configuration list for PBXNativeTarget "MyLuxury" */ = {
			isa = XCConfigurationList;
			buildConfigurations = (
				475497A52CAE98DB00705D1A /* Debug */,
				475497A62CAE98DB00705D1A /* Release */,
			);
			defaultConfigurationIsVisible = 0;
			defaultConfigurationName = Release;
		};
		475497A92CAE98DB00705D1A /* Build configuration list for PBXNativeTarget "MyLuxuryTests" */ = {
			isa = XCConfigurationList;
			buildConfigurations = (
				475497AA2CAE98DB00705D1A /* Debug */,
				475497AB2CAE98DB00705D1A /* Release */,
			);
			defaultConfigurationIsVisible = 0;
			defaultConfigurationName = Release;
		};
		475497AC2CAE98DB00705D1A /* Build configuration list for PBXNativeTarget "MyLuxuryUITests" */ = {
			isa = XCConfigurationList;
			buildConfigurations = (
				475497AD2CAE98DB00705D1A /* Debug */,
				475497AE2CAE98DB00705D1A /* Release */,
			);
			defaultConfigurationIsVisible = 0;
			defaultConfigurationName = Release;
		};
/* End XCConfigurationList section */

/* Begin XCRemoteSwiftPackageReference section */
		472D9AF12CEBA00E00956063 /* XCRemoteSwiftPackageReference "firebase-ios-sdk" */ = {
			isa = XCRemoteSwiftPackageReference;
			repositoryURL = "https://github.com/firebase/firebase-ios-sdk";
			requirement = {
				kind = upToNextMajorVersion;
				minimumVersion = 11.5.0;
			};
		};
/* End XCRemoteSwiftPackageReference section */

/* Begin XCSwiftPackageProductDependency section */
		472D9AF22CEBA00E00956063 /* FirebaseAuth */ = {
			isa = XCSwiftPackageProductDependency;
			package = 472D9AF12CEBA00E00956063 /* XCRemoteSwiftPackageReference "firebase-ios-sdk" */;
			productName = FirebaseAuth;
		};
		472D9AF42CEBA00E00956063 /* FirebaseCore */ = {
			isa = XCSwiftPackageProductDependency;
			package = 472D9AF12CEBA00E00956063 /* XCRemoteSwiftPackageReference "firebase-ios-sdk" */;
			productName = FirebaseCore;
		};
		472D9AF62CEBA00E00956063 /* FirebaseFirestore */ = {
			isa = XCSwiftPackageProductDependency;
			package = 472D9AF12CEBA00E00956063 /* XCRemoteSwiftPackageReference "firebase-ios-sdk" */;
			productName = FirebaseFirestore;
		};
		47BBDC692CC5515100F3A555 /* Data */ = {
			isa = XCSwiftPackageProductDependency;
			productName = Data;
		};
		47BBDC6B2CC5515100F3A555 /* Domain */ = {
			isa = XCSwiftPackageProductDependency;
			productName = Domain;
		};
		47BBDC6D2CC5515100F3A555 /* Presentation */ = {
			isa = XCSwiftPackageProductDependency;
			productName = Presentation;
		};
/* End XCSwiftPackageProductDependency section */
	};
	rootObject = 475497732CAE98D900705D1A /* Project object */;
}
